{
  "version": 4,
  "terraform_version": "0.14.7",
  "serial": 10,
  "lineage": "0bb91531-063e-e74c-aea3-6559a507d071",
  "outputs": {
    "cg_domain": {
      "value": "todos-api-5708972825580254965",
      "type": "string"
    },
    "cg_url": {
      "value": "https://todos-api-5708972825580254965.auth.us-east-1.amazoncognito.com",
      "type": "string"
    },
    "client_id": {
      "value": "bbtmpfl8u06tgiutalgj4bt9a",
      "type": "string"
    },
    "client_secret": {
      "value": "eq8u2rol6rm99l7a4vip8tbgnde8p9dgvemer2nqk5df41jn7ao",
      "type": "string"
    }
  },
  "resources": [
    {
      "mode": "managed",
      "type": "aws_cognito_resource_server",
      "name": "this",
      "provider": "provider[\"registry.terraform.io/hashicorp/aws\"]",
      "instances": [
        {
          "schema_version": 0,
          "attributes": {
            "id": "us-east-1_saT6RcxQN|todos-app-client",
            "identifier": "todos-app-client",
            "name": "todos-app-client",
            "scope": [
              {
                "scope_description": "Create todos",
                "scope_name": "create_todo"
              },
              {
                "scope_description": "Delete todos",
                "scope_name": "delete_todo"
              },
              {
                "scope_description": "Read todos",
                "scope_name": "read_todo"
              }
            ],
            "scope_identifiers": [
              "todos-app-client/delete_todo",
              "todos-app-client/read_todo",
              "todos-app-client/create_todo"
            ],
            "user_pool_id": "us-east-1_saT6RcxQN"
          },
          "sensitive_attributes": [],
          "private": "bnVsbA==",
          "dependencies": [
            "aws_cognito_user_pool.this"
          ]
        }
      ]
    },
    {
      "mode": "managed",
      "type": "aws_cognito_user_pool",
      "name": "this",
      "provider": "provider[\"registry.terraform.io/hashicorp/aws\"]",
      "instances": [
        {
          "schema_version": 0,
          "attributes": {
            "account_recovery_setting": [],
            "admin_create_user_config": [
              {
                "allow_admin_create_user_only": false,
                "invite_message_template": []
              }
            ],
            "alias_attributes": null,
            "arn": "arn:aws:cognito-idp:us-east-1:952790931786:userpool/us-east-1_saT6RcxQN",
            "auto_verified_attributes": [],
            "creation_date": "2021-04-02T20:43:23Z",
            "device_configuration": [],
            "email_configuration": [
              {
                "configuration_set": "",
                "email_sending_account": "COGNITO_DEFAULT",
                "from_email_address": "",
                "reply_to_email_address": "",
                "source_arn": ""
              }
            ],
            "email_verification_message": null,
            "email_verification_subject": null,
            "endpoint": "cognito-idp.us-east-1.amazonaws.com/us-east-1_saT6RcxQN",
            "id": "us-east-1_saT6RcxQN",
            "lambda_config": [],
            "last_modified_date": "2021-04-02T20:43:23Z",
            "mfa_configuration": "OFF",
            "name": "Todos",
            "password_policy": [
              {
                "minimum_length": 8,
                "require_lowercase": true,
                "require_numbers": true,
                "require_symbols": true,
                "require_uppercase": true,
                "temporary_password_validity_days": 7
              }
            ],
            "schema": [],
            "sms_authentication_message": null,
            "sms_configuration": [],
            "sms_verification_message": null,
            "software_token_mfa_configuration": [],
            "tags": {},
            "user_pool_add_ons": [],
            "username_attributes": null,
            "username_configuration": [],
            "verification_message_template": [
              {
                "default_email_option": "CONFIRM_WITH_CODE",
                "email_message": "",
                "email_message_by_link": "",
                "email_subject": "",
                "email_subject_by_link": "",
                "sms_message": ""
              }
            ]
          },
          "sensitive_attributes": [],
          "private": "bnVsbA=="
        }
      ]
    },
    {
      "mode": "managed",
      "type": "aws_cognito_user_pool_client",
      "name": "this",
      "provider": "provider[\"registry.terraform.io/hashicorp/aws\"]",
      "instances": [
        {
          "schema_version": 0,
          "attributes": {
            "access_token_validity": 0,
            "allowed_oauth_flows": [
              "client_credentials"
            ],
            "allowed_oauth_flows_user_pool_client": true,
            "allowed_oauth_scopes": [
              "todos-app-client/create_todo",
              "todos-app-client/delete_todo",
              "todos-app-client/read_todo"
            ],
            "analytics_configuration": [],
            "callback_urls": [],
            "client_secret": "eq8u2rol6rm99l7a4vip8tbgnde8p9dgvemer2nqk5df41jn7ao",
            "default_redirect_uri": "",
            "explicit_auth_flows": [],
            "generate_secret": true,
            "id": "bbtmpfl8u06tgiutalgj4bt9a",
            "id_token_validity": 0,
            "logout_urls": [],
            "name": "todos-app-client",
            "prevent_user_existence_errors": "",
            "read_attributes": [],
            "refresh_token_validity": 30,
            "supported_identity_providers": [],
            "token_validity_units": [],
            "user_pool_id": "us-east-1_saT6RcxQN",
            "write_attributes": []
          },
          "sensitive_attributes": [],
          "private": "bnVsbA==",
          "dependencies": [
            "aws_cognito_resource_server.this",
            "aws_cognito_user_pool.this"
          ]
        }
      ]
    },
    {
      "mode": "managed",
      "type": "aws_cognito_user_pool_domain",
      "name": "this",
      "provider": "provider[\"registry.terraform.io/hashicorp/aws\"]",
      "instances": [
        {
          "schema_version": 0,
          "attributes": {
            "aws_account_id": "952790931786",
            "certificate_arn": "",
            "cloudfront_distribution_arn": "d3oia8etllorh5.cloudfront.net",
            "domain": "todos-api-5708972825580254965",
            "id": "todos-api-5708972825580254965",
            "s3_bucket": "aws-cognito-prod-iad-assets",
            "user_pool_id": "us-east-1_saT6RcxQN",
            "version": "20210402204327"
          },
          "sensitive_attributes": [],
          "private": "bnVsbA==",
          "dependencies": [
            "aws_cognito_user_pool.this",
            "random_id.bucket"
          ]
        }
      ]
    },
    {
      "mode": "managed",
      "type": "aws_dynamodb_table",
      "name": "this",
      "provider": "provider[\"registry.terraform.io/hashicorp/aws\"]",
      "instances": [
        {
          "schema_version": 1,
          "attributes": {
            "arn": "arn:aws:dynamodb:us-east-1:952790931786:table/todos",
            "attribute": [
              {
                "name": "TodoId",
                "type": "S"
              }
            ],
            "billing_mode": "PROVISIONED",
            "global_secondary_index": [],
            "hash_key": "TodoId",
            "id": "todos",
            "local_secondary_index": [],
            "name": "todos",
            "point_in_time_recovery": [
              {
                "enabled": false
              }
            ],
            "range_key": null,
            "read_capacity": 5,
            "replica": [],
            "server_side_encryption": [],
            "stream_arn": "",
            "stream_enabled": false,
            "stream_label": "",
            "stream_view_type": "",
            "tags": {
              "Environment": "dev",
              "Name": "todos"
            },
            "timeouts": null,
            "ttl": [
              {
                "attribute_name": "",
                "enabled": false
              }
            ],
            "write_capacity": 5
          },
          "sensitive_attributes": [],
          "private": "eyJlMmJmYjczMC1lY2FhLTExZTYtOGY4OC0zNDM2M2JjN2M0YzAiOnsiY3JlYXRlIjo2MDAwMDAwMDAwMDAsImRlbGV0ZSI6NjAwMDAwMDAwMDAwLCJ1cGRhdGUiOjM2MDAwMDAwMDAwMDB9LCJzY2hlbWFfdmVyc2lvbiI6IjEifQ=="
        }
      ]
    },
    {
      "mode": "managed",
      "type": "aws_dynamodb_table_item",
      "name": "this",
      "provider": "provider[\"registry.terraform.io/hashicorp/aws\"]",
      "instances": [
        {
          "schema_version": 0,
          "attributes": {
            "hash_key": "TodoId",
            "id": "todos|TodoId||1|",
            "item": "{\r\n  \"TodoId\": {\"S\": \"1\"},\r\n  \"Task\": {\"S\": \"Aprender Terraform\"},\r\n  \"Done\": {\"S\": \"0\"}\r\n}\r\n",
            "range_key": null,
            "table_name": "todos"
          },
          "sensitive_attributes": [],
          "private": "bnVsbA==",
          "dependencies": [
            "aws_dynamodb_table.this"
          ]
        }
      ]
    },
    {
      "mode": "managed",
      "type": "random_id",
      "name": "bucket",
      "provider": "provider[\"registry.terraform.io/hashicorp/random\"]",
      "instances": [
        {
          "schema_version": 0,
          "attributes": {
            "b64_std": "TzpYiZURtvU=",
            "b64_url": "TzpYiZURtvU",
            "byte_length": 8,
            "dec": "5708972825580254965",
            "hex": "4f3a58899511b6f5",
            "id": "TzpYiZURtvU",
            "keepers": null,
            "prefix": null
          },
          "sensitive_attributes": [],
          "private": "bnVsbA=="
        }
      ]
    }
  ]
}
