{
  "version": 4,
  "terraform_version": "0.13.4",
  "serial": 5,
  "lineage": "43b789f8-a213-b444-db1c-615a41324740",
  "outputs": {},
  "resources": [
    {
      "mode": "data",
      "type": "terraform_remote_state",
      "name": "web",
      "provider": "provider[\"terraform.io/builtin/terraform\"]",
      "instances": [
        {
          "schema_version": 0,
          "attributes": {
            "backend": "s3",
            "config": {
              "value": {
                "bucket": "mwacha-bucket-dev",
                "key": "ec2/ec2.tfstate",
                "region": "us-east-1"
              },
              "type": [
                "object",
                {
                  "bucket": "string",
                  "key": "string",
                  "region": "string"
                }
              ]
            },
            "defaults": null,
            "outputs": {
              "value": {
                "ami": "ami-0080e4c5bc078760e",
                "arn": "arn:aws:ec2:us-east-1:952790931786:instance/i-0197b8e93df7236d3",
                "id": "i-0197b8e93df7236d3"
              },
              "type": [
                "object",
                {
                  "ami": "string",
                  "arn": "string",
                  "id": "string"
                }
              ]
            },
            "workspace": null
          }
        }
      ]
    },
    {
      "mode": "managed",
      "type": "random_id",
      "name": "bucket",
      "provider": "provider[\"registry.terraform.io/hashicorp/random\"]",
      "instances": [
        {
          "schema_version": 0,
          "attributes": {
            "b64_std": "UT4IWQ==",
            "b64_url": "UT4IWQ",
            "byte_length": 4,
            "dec": "1363019865",
            "hex": "513e0859",
            "id": "UT4IWQ",
            "keepers": null,
            "prefix": null
          },
          "private": "bnVsbA=="
        }
      ]
    },
    {
      "module": "module.bucket",
      "mode": "managed",
      "type": "aws_s3_bucket",
      "name": "this",
      "provider": "provider[\"registry.terraform.io/hashicorp/aws\"]",
      "instances": [
        {
          "schema_version": 0,
          "attributes": {
            "acceleration_status": "",
            "acl": "private",
            "arn": "arn:aws:s3:::my-bucket-513e0859",
            "bucket": "my-bucket-513e0859",
            "bucket_domain_name": "my-bucket-513e0859.s3.amazonaws.com",
            "bucket_prefix": null,
            "bucket_regional_domain_name": "my-bucket-513e0859.s3.amazonaws.com",
            "cors_rule": [],
            "force_destroy": false,
            "grant": [],
            "hosted_zone_id": "Z3AQBSTGFYJSTF",
            "id": "my-bucket-513e0859",
            "lifecycle_rule": [],
            "logging": [],
            "object_lock_configuration": [],
            "policy": null,
            "region": "us-east-1",
            "replication_configuration": [],
            "request_payer": "BucketOwner",
            "server_side_encryption_configuration": [],
            "tags": {
              "Name": "Minhas instâncias"
            },
            "versioning": [
              {
                "enabled": false,
                "mfa_delete": false
              }
            ],
            "website": [],
            "website_domain": null,
            "website_endpoint": null
          },
          "private": "bnVsbA==",
          "dependencies": [
            "random_id.bucket"
          ]
        }
      ]
    },
    {
      "module": "module.bucket",
      "mode": "managed",
      "type": "aws_s3_bucket_object",
      "name": "this",
      "provider": "provider[\"registry.terraform.io/hashicorp/aws\"]",
      "instances": [
        {
          "index_key": 0,
          "schema_version": 0,
          "attributes": {
            "acl": "private",
            "bucket": "my-bucket-513e0859",
            "cache_control": "",
            "content": null,
            "content_base64": null,
            "content_disposition": "",
            "content_encoding": "",
            "content_language": "",
            "content_type": "binary/octet-stream",
            "etag": "02d6de446e6da2323ba9a2c44430a519",
            "force_destroy": false,
            "id": "instances/instances-ami-0080e4c5bc078760e.txt",
            "key": "instances/instances-ami-0080e4c5bc078760e.txt",
            "kms_key_id": null,
            "metadata": null,
            "object_lock_legal_hold_status": "",
            "object_lock_mode": "",
            "object_lock_retain_until_date": "",
            "server_side_encryption": "",
            "source": "output.txt",
            "storage_class": "STANDARD",
            "tags": null,
            "version_id": "null",
            "website_redirect": ""
          },
          "private": "bnVsbA==",
          "dependencies": [
            "data.terraform_remote_state.web",
            "module.bucket.aws_s3_bucket.this",
            "random_id.bucket"
          ]
        }
      ]
    }
  ]
}
