{
  "version": 4,
  "terraform_version": "0.13.4",
  "serial": 18,
  "lineage": "bf27b3f9-6898-a406-7150-2ef78abdd5e0",
  "outputs": {
    "bucket_1": {
      "value": "my-bucket-e9ba8b12e08dcb8f",
      "type": "string"
    },
    "bucket_1_object": {
      "value": [
        "files/16841926669698452367.txt"
      ],
      "type": [
        "tuple",
        [
          "string"
        ]
      ]
    },
    "bucket_2": {
      "value": "my-bucket-2-ef9fe308",
      "type": "string"
    }
  },
  "resources": [
    {
      "mode": "managed",
      "type": "random_id",
      "name": "bucket",
      "provider": "provider[\"registry.terraform.io/hashicorp/random\"]",
      "instances": [
        {
          "schema_version": 0,
          "attributes": {
            "b64_std": "6bqLEuCNy48=",
            "b64_url": "6bqLEuCNy48",
            "byte_length": 8,
            "dec": "16841926669698452367",
            "hex": "e9ba8b12e08dcb8f",
            "id": "6bqLEuCNy48",
            "keepers": null,
            "prefix": null
          },
          "private": "bnVsbA=="
        }
      ]
    },
    {
      "mode": "managed",
      "type": "random_id",
      "name": "bucket_2",
      "provider": "provider[\"registry.terraform.io/hashicorp/random\"]",
      "instances": [
        {
          "schema_version": 0,
          "attributes": {
            "b64_std": "75/jCA==",
            "b64_url": "75_jCA",
            "byte_length": 4,
            "dec": "4020232968",
            "hex": "ef9fe308",
            "id": "75_jCA",
            "keepers": null,
            "prefix": null
          },
          "private": "bnVsbA=="
        }
      ]
    },
    {
      "module": "module.bucket",
      "mode": "managed",
      "type": "aws_s3_bucket",
      "name": "this",
      "provider": "provider[\"registry.terraform.io/hashicorp/aws\"]",
      "instances": [
        {
          "schema_version": 0,
          "attributes": {
            "acceleration_status": "",
            "acl": "private",
            "arn": "arn:aws:s3:::my-bucket-e9ba8b12e08dcb8f",
            "bucket": "my-bucket-e9ba8b12e08dcb8f",
            "bucket_domain_name": "my-bucket-e9ba8b12e08dcb8f.s3.amazonaws.com",
            "bucket_prefix": null,
            "bucket_regional_domain_name": "my-bucket-e9ba8b12e08dcb8f.s3.amazonaws.com",
            "cors_rule": [],
            "force_destroy": false,
            "grant": [],
            "hosted_zone_id": "Z3AQBSTGFYJSTF",
            "id": "my-bucket-e9ba8b12e08dcb8f",
            "lifecycle_rule": [],
            "logging": [],
            "object_lock_configuration": [],
            "policy": null,
            "region": "us-east-1",
            "replication_configuration": [],
            "request_payer": "BucketOwner",
            "server_side_encryption_configuration": [],
            "tags": {
              "Name": "Meu bucket de anotações"
            },
            "versioning": [
              {
                "enabled": true,
                "mfa_delete": false
              }
            ],
            "website": [],
            "website_domain": null,
            "website_endpoint": null
          },
          "private": "bnVsbA==",
          "dependencies": [
            "random_id.bucket"
          ]
        }
      ]
    },
    {
      "module": "module.bucket",
      "mode": "managed",
      "type": "aws_s3_bucket_object",
      "name": "this",
      "provider": "provider[\"registry.terraform.io/hashicorp/aws\"]",
      "instances": [
        {
          "index_key": 0,
          "schema_version": 0,
          "attributes": {
            "acl": "private",
            "bucket": "my-bucket-e9ba8b12e08dcb8f",
            "cache_control": "",
            "content": null,
            "content_base64": null,
            "content_disposition": "",
            "content_encoding": "",
            "content_language": "",
            "content_type": "binary/octet-stream",
            "etag": "d41d8cd98f00b204e9800998ecf8427e",
            "force_destroy": false,
            "id": "files/16841926669698452367.txt",
            "key": "files/16841926669698452367.txt",
            "kms_key_id": null,
            "metadata": null,
            "object_lock_legal_hold_status": "",
            "object_lock_mode": "",
            "object_lock_retain_until_date": "",
            "server_side_encryption": "",
            "source": "file.txt",
            "storage_class": "STANDARD",
            "tags": null,
            "version_id": "NCFUiFLA2BSYsBLr7FYrczfQav5oJqa_",
            "website_redirect": ""
          },
          "private": "bnVsbA==",
          "dependencies": [
            "module.bucket.aws_s3_bucket.this",
            "random_id.bucket"
          ]
        }
      ]
    },
    {
      "module": "module.bucket-2",
      "mode": "managed",
      "type": "aws_s3_bucket",
      "name": "this",
      "provider": "provider[\"registry.terraform.io/hashicorp/aws\"]",
      "instances": [
        {
          "schema_version": 0,
          "attributes": {
            "acceleration_status": "",
            "acl": "private",
            "arn": "arn:aws:s3:::my-bucket-2-ef9fe308",
            "bucket": "my-bucket-2-ef9fe308",
            "bucket_domain_name": "my-bucket-2-ef9fe308.s3.amazonaws.com",
            "bucket_prefix": null,
            "bucket_regional_domain_name": "my-bucket-2-ef9fe308.s3.amazonaws.com",
            "cors_rule": [],
            "force_destroy": false,
            "grant": [],
            "hosted_zone_id": "Z3AQBSTGFYJSTF",
            "id": "my-bucket-2-ef9fe308",
            "lifecycle_rule": [],
            "logging": [],
            "object_lock_configuration": [],
            "policy": null,
            "region": "us-east-1",
            "replication_configuration": [],
            "request_payer": "BucketOwner",
            "server_side_encryption_configuration": [],
            "tags": null,
            "versioning": [
              {
                "enabled": false,
                "mfa_delete": false
              }
            ],
            "website": [],
            "website_domain": null,
            "website_endpoint": null
          },
          "private": "bnVsbA==",
          "dependencies": [
            "random_id.bucket_2"
          ]
        }
      ]
    }
  ]
}
