{
  "version": 4,
  "terraform_version": "0.13.4",
  "serial": 1,
  "lineage": "19b41a4b-918f-f77c-82d8-10e45f0e08e5",
  "outputs": {},
  "resources": [
    {
      "mode": "managed",
      "type": "aws_s3_bucket",
      "name": "b",
      "provider": "provider[\"registry.terraform.io/hashicorp/aws\"]",
      "instances": [
        {
          "schema_version": 0,
          "attributes": {
            "acceleration_status": "",
            "acl": "private",
            "arn": "arn:aws:s3:::mwacha-bucket-dev",
            "bucket": "mwacha-bucket-dev",
            "bucket_domain_name": "mwacha-bucket-dev.s3.amazonaws.com",
            "bucket_prefix": null,
            "bucket_regional_domain_name": "mwacha-bucket-dev.s3.amazonaws.com",
            "cors_rule": [],
            "force_destroy": false,
            "grant": [],
            "hosted_zone_id": "Z3AQBSTGFYJSTF",
            "id": "mwacha-bucket-dev",
            "lifecycle_rule": [],
            "logging": [],
            "object_lock_configuration": [],
            "policy": null,
            "region": "us-east-1",
            "replication_configuration": [],
            "request_payer": "BucketOwner",
            "server_side_encryption_configuration": [],
            "tags": {
              "Environment": "Prod",
              "Name": "My super bucket"
            },
            "versioning": [
              {
                "enabled": false,
                "mfa_delete": false
              }
            ],
            "website": [],
            "website_domain": null,
            "website_endpoint": null
          },
          "private": "bnVsbA=="
        }
      ]
    }
  ]
}
