{
  "version": 4,
  "terraform_version": "0.14.7",
  "serial": 27,
  "lineage": "72ad6334-ca2e-e939-9445-2ecfed7d6d9c",
  "outputs": {},
  "resources": [
    {
      "mode": "data",
      "type": "template_file",
      "name": "policy",
      "provider": "provider[\"registry.terraform.io/hashicorp/template\"]",
      "instances": [
        {
          "schema_version": 0,
          "attributes": {
            "filename": null,
            "id": "9ec6a3d05d169e46ad6c7c055ad8e5fae9d673ed550a8f63f050e7f150ba4399",
            "rendered": "{\r\n    \"Version\": \"2008-10-17\",\r\n    \"Statement\": [\r\n      {\r\n        \"Sid\": \"PublicReadForGetBucketObjects\",\r\n        \"Effect\": \"Allow\",\r\n        \"Principal\": {\r\n          \"AWS\": \"*\"\r\n        },\r\n        \"Action\": \"s3:GetObject\",\r\n        \"Resource\": \"arn:aws:s3:::mwacha.tk/*\"\r\n      }\r\n    ]\r\n  }\r\n  ",
            "template": "{\r\n    \"Version\": \"2008-10-17\",\r\n    \"Statement\": [\r\n      {\r\n        \"Sid\": \"PublicReadForGetBucketObjects\",\r\n        \"Effect\": \"Allow\",\r\n        \"Principal\": {\r\n          \"AWS\": \"*\"\r\n        },\r\n        \"Action\": \"s3:GetObject\",\r\n        \"Resource\": \"arn:aws:s3:::${bucket_name}/*\"\r\n      }\r\n    ]\r\n  }\r\n  ",
            "vars": {
              "bucket_name": "mwacha.tk"
            }
          },
          "sensitive_attributes": []
        }
      ]
    },
    {
      "mode": "managed",
      "type": "aws_s3_bucket",
      "name": "log",
      "provider": "provider[\"registry.terraform.io/hashicorp/aws\"]",
      "instances": [
        {
          "schema_version": 0,
          "attributes": {
            "acceleration_status": "",
            "acl": "log-delivery-write",
            "arn": "arn:aws:s3:::mwacha.tk-logs",
            "bucket": "mwacha.tk-logs",
            "bucket_domain_name": "mwacha.tk-logs.s3.amazonaws.com",
            "bucket_prefix": null,
            "bucket_regional_domain_name": "mwacha.tk-logs.s3.amazonaws.com",
            "cors_rule": [],
            "force_destroy": false,
            "grant": [],
            "hosted_zone_id": "Z3AQBSTGFYJSTF",
            "id": "mwacha.tk-logs",
            "lifecycle_rule": [],
            "logging": [],
            "object_lock_configuration": [],
            "policy": null,
            "region": "us-east-1",
            "replication_configuration": [],
            "request_payer": "BucketOwner",
            "server_side_encryption_configuration": [],
            "tags": {},
            "versioning": [
              {
                "enabled": false,
                "mfa_delete": false
              }
            ],
            "website": [],
            "website_domain": null,
            "website_endpoint": null
          },
          "sensitive_attributes": [],
          "private": "bnVsbA=="
        }
      ]
    },
    {
      "mode": "managed",
      "type": "aws_s3_bucket",
      "name": "site",
      "provider": "provider[\"registry.terraform.io/hashicorp/aws\"]",
      "instances": [
        {
          "schema_version": 0,
          "attributes": {
            "acceleration_status": "",
            "acl": "public-read",
            "arn": "arn:aws:s3:::mwacha.tk",
            "bucket": "mwacha.tk",
            "bucket_domain_name": "mwacha.tk.s3.amazonaws.com",
            "bucket_prefix": null,
            "bucket_regional_domain_name": "mwacha.tk.s3.amazonaws.com",
            "cors_rule": [],
            "force_destroy": false,
            "grant": [],
            "hosted_zone_id": "Z3AQBSTGFYJSTF",
            "id": "mwacha.tk",
            "lifecycle_rule": [],
            "logging": [
              {
                "target_bucket": "mwacha.tk-logs",
                "target_prefix": "mwacha.tk"
              }
            ],
            "object_lock_configuration": [],
            "policy": "{\"Statement\":[{\"Action\":\"s3:GetObject\",\"Effect\":\"Allow\",\"Principal\":{\"AWS\":\"*\"},\"Resource\":\"arn:aws:s3:::mwacha.tk/*\",\"Sid\":\"PublicReadForGetBucketObjects\"}],\"Version\":\"2008-10-17\"}",
            "region": "us-east-1",
            "replication_configuration": [],
            "request_payer": "BucketOwner",
            "server_side_encryption_configuration": [],
            "tags": {},
            "versioning": [
              {
                "enabled": false,
                "mfa_delete": false
              }
            ],
            "website": [
              {
                "error_document": "index.html",
                "index_document": "index.html",
                "redirect_all_requests_to": "",
                "routing_rules": ""
              }
            ],
            "website_domain": "s3-website-us-east-1.amazonaws.com",
            "website_endpoint": "mwacha.tk.s3-website-us-east-1.amazonaws.com"
          },
          "sensitive_attributes": []
        }
      ]
    }
  ]
}
